# This file is automatically @generated by Cargo.
# It is not intended for manual editing.
version = 3

[[package]]
name = "binary"
version = "0.0.0"
source = "registry+https://github.com/rust-lang/crates.io-index"
checksum = "8fce6febd92162ce036a795300c04f16236019953ebd1d49afb35ecc770afc8c"

[[package]]
name = "sloth"
version = "0.1.0"
dependencies = [
 "binary",
]
